github.com/cespare/hasty v0.0.0-20181217234741-323b37957b44 h1:jtr/wvBcLIfz6Pq/0Pt/Mj57zjq5HbCh/OtfD0LnYNA=
github.com/cespare/hasty v0.0.0-20181217234741-323b37957b44/go.mod h1:bFPDtJZXO1YP9bgCzEnCUn2wuUyOxLoMhrdqBSVtVEQ=
github.com/cespare/hasty v0.0.1 h1:WA4UNj6KR9GrPyonn6JecSkODL50KeqeXzAgl3Ereb8=
github.com/cespare/hasty v0.0.1/go.mod h1:bFPDtJZXO1YP9bgCzEnCUn2wuUyOxLoMhrdqBSVtVEQ=
